{
  "name": "@html_first/atla-as_node",
  "version": "0.0.1",
  "lockfileVersion": 3,
  "requires": true,
  "packages": {
    "": {
      "name": "@html_first/atla-as_node",
      "version": "0.0.1",
      "license": "MIT",
      "dependencies": {
        "@html_first/simple_queue": "^1.1.2"
      }
    },
    "node_modules/@html_first/simple_queue": {
      "version": "1.1.2",
      "resolved": "https://registry.npmjs.org/@html_first/simple_queue/-/simple_queue-1.1.2.tgz",
      "integrity": "sha512-HUJdaVijItFfrWGV0AKy7npd7F8f4wyAiKTccSkoxd387+CG8EZtyGV55C40zlsZEJC5cztdZQ+/HfQbJa98dw=="
    }
  }
}
